
Microsoft Visual Studio Solution File, Format Version 12.00
# Visual Studio Version 17
VisualStudioVersion = 17.0.31903.59
MinimumVisualStudioVersion = 10.0.40219.1
Project("{FAE04EC0-301F-11D3-BF4B-00C04F79EFBC}") = "GiraffeShooterClient", "GiraffeShooterClient\GiraffeShooterClient.csproj", "{01199736-D4A8-414F-A237-F2A74FA87615}"
EndProject
Project("{FAE04EC0-301F-11D3-BF4B-00C04F79EFBC}") = "GiraffeShooterServer", "GiraffeShooterServer\GiraffeShooterServer.csproj", "{7E0BDF97-27DD-4713-A881-1D7BEC84819D}"
EndProject
Global
	GlobalSection(SolutionConfigurationPlatforms) = preSolution
		Debug|Any CPU = Debug|Any CPU
		Release|Any CPU = Release|Any CPU
	EndGlobalSection
	GlobalSection(SolutionProperties) = preSolution
		HideSolutionNode = FALSE
	EndGlobalSection
	GlobalSection(ProjectConfigurationPlatforms) = postSolution
		{01199736-D4A8-414F-A237-F2A74FA87615}.Debug|Any CPU.ActiveCfg = Debug|Any CPU
		{01199736-D4A8-414F-A237-F2A74FA87615}.Debug|Any CPU.Build.0 = Debug|Any CPU
		{01199736-D4A8-414F-A237-F2A74FA87615}.Release|Any CPU.ActiveCfg = Release|Any CPU
		{01199736-D4A8-414F-A237-F2A74FA87615}.Release|Any CPU.Build.0 = Release|Any CPU
		{7E0BDF97-27DD-4713-A881-1D7BEC84819D}.Debug|Any CPU.ActiveCfg = Debug|Any CPU
		{7E0BDF97-27DD-4713-A881-1D7BEC84819D}.Debug|Any CPU.Build.0 = Debug|Any CPU
		{7E0BDF97-27DD-4713-A881-1D7BEC84819D}.Release|Any CPU.ActiveCfg = Release|Any CPU
		{7E0BDF97-27DD-4713-A881-1D7BEC84819D}.Release|Any CPU.Build.0 = Release|Any CPU
	EndGlobalSection
EndGlobal
